# Generated by pub
# See https://dart.dev/tools/pub/glossary#lockfile
packages:
  _fe_analyzer_shared:
    dependency: transitive
    description:
      name: _fe_analyzer_shared
      sha256: "5aaf60d96c4cd00fe7f21594b5ad6a1b699c80a27420f8a837f4d68473ef09e3"
      url: "https://pub.dev"
    source: hosted
    version: "68.0.0"
  _macros:
    dependency: transitive
    description: dart
    source: sdk
    version: "0.1.0"
  analyzer:
    dependency: transitive
    description:
      name: analyzer
      sha256: "21f1d3720fd1c70316399d5e2bccaebb415c434592d778cce8acb967b8578808"
      url: "https://pub.dev"
    source: hosted
    version: "6.5.0"
  args:
    dependency: transitive
    description:
      name: args
      sha256: "7cf60b9f0cc88203c5a190b4cd62a99feea42759a7fa695010eb5de1c0b2252a"
      url: "https://pub.dev"
    source: hosted
    version: "2.5.0"
  async:
    dependency: transitive
    description:
      name: async
      sha256: "947bfcf187f74dbc5e146c9eb9c0f10c9f8b30743e341481c1e2ed3ecc18c20c"
      url: "https://pub.dev"
    source: hosted
    version: "2.11.0"
  base32:
    dependency: transitive
    description:
      name: base32
      sha256: ddad4ebfedf93d4500818ed8e61443b734ffe7cf8a45c668c9b34ef6adde02e2
      url: "https://pub.dev"
    source: hosted
    version: "2.1.3"
  base_codecs:
    dependency: transitive
    description:
      name: base_codecs
      sha256: "41701a12ede9912663decd708279924ece5018566daa7d1f484d5f4f10894f91"
      url: "https://pub.dev"
    source: hosted
    version: "1.0.1"
  boolean_selector:
    dependency: transitive
    description:
      name: boolean_selector
      sha256: "6cfb5af12253eaf2b368f07bacc5a80d1301a071c73360d746b7f2e32d762c66"
      url: "https://pub.dev"
    source: hosted
    version: "2.1.1"
  buffer:
    dependency: transitive
    description:
      name: buffer
      sha256: "389da2ec2c16283c8787e0adaede82b1842102f8c8aae2f49003a766c5c6b3d1"
      url: "https://pub.dev"
    source: hosted
    version: "1.2.3"
  charcode:
    dependency: transitive
    description:
      name: charcode
      sha256: fb98c0f6d12c920a02ee2d998da788bca066ca5f148492b7085ee23372b12306
      url: "https://pub.dev"
    source: hosted
    version: "1.3.1"
  clock:
    dependency: transitive
    description:
      name: clock
      sha256: cb6d7f03e1de671e34607e909a7213e31d7752be4fb66a86d29fe1eb14bfb5cf
      url: "https://pub.dev"
    source: hosted
    version: "1.1.1"
  collection:
    dependency: transitive
    description:
      name: collection
      sha256: a1ace0a119f20aabc852d165077c036cd864315bd99b7eaa10a60100341941bf
      url: "https://pub.dev"
    source: hosted
    version: "1.19.0"
  convert:
    dependency: transitive
    description:
      name: convert
      sha256: "0f08b14755d163f6e2134cb58222dd25ea2a2ee8a195e53983d57c075324d592"
      url: "https://pub.dev"
    source: hosted
    version: "3.1.1"
  coverage:
    dependency: transitive
    description:
      name: coverage
      sha256: "3945034e86ea203af7a056d98e98e42a5518fff200d6e8e6647e1886b07e936e"
      url: "https://pub.dev"
    source: hosted
    version: "1.8.0"
  crypto:
    dependency: transitive
    description:
      name: crypto
      sha256: ff625774173754681d66daaf4a448684fb04b78f902da9cb3d308c19cc5e8bab
      url: "https://pub.dev"
    source: hosted
    version: "3.0.3"
  cryptography:
    dependency: transitive
    description:
      name: cryptography
      sha256: d146b76d33d94548cf035233fbc2f4338c1242fa119013bead807d033fc4ae05
      url: "https://pub.dev"
    source: hosted
    version: "2.7.0"
  dart_date:
    dependency: transitive
    description:
      name: dart_date
      sha256: "27f00f342710ba310f6052e415cc5799b3b6ad04f72f6bc5fae4da4f6365725e"
      url: "https://pub.dev"
    source: hosted
    version: "1.3.3"
  dartfield:
    dependency: transitive
    description:
      name: dartfield
      sha256: "8a64634f3277c3d0b83ef0bc340ea42b10f64f811656892992a19cd930460c82"
      url: "https://pub.dev"
    source: hosted
    version: "1.2.1"
  drift:
    dependency: transitive
    description:
      name: drift
      sha256: "4e0ffee40d23f0b809e6cff1ad202886f51d629649073ed42d9cd1d194ea943e"
      url: "https://pub.dev"
    source: hosted
    version: "2.19.1+1"
  drift_postgres:
    dependency: transitive
    description:
      name: drift_postgres
      sha256: ce1fe060b2d329b45423892501355f1982e099faba9e75bcba307f390b1b20a3
      url: "https://pub.dev"
    source: hosted
    version: "1.3.0"
  ffi:
    dependency: transitive
    description:
      name: ffi
      sha256: "493f37e7df1804778ff3a53bd691d8692ddf69702cf4c1c1096a2e41b4779e21"
      url: "https://pub.dev"
    source: hosted
    version: "2.1.2"
  file:
    dependency: transitive
    description:
      name: file
      sha256: "5fc22d7c25582e38ad9a8515372cd9a93834027aacf1801cf01164dac0ffa08c"
      url: "https://pub.dev"
    source: hosted
    version: "7.0.0"
  fixnum:
    dependency: transitive
    description:
      name: fixnum
      sha256: "25517a4deb0c03aa0f32fd12db525856438902d9c16536311e76cdc57b31d7d1"
      url: "https://pub.dev"
    source: hosted
    version: "1.1.0"
  foxid:
    dependency: transitive
    description:
      name: foxid
      sha256: "2339a2a109cd3f6e6d529dbf2d8561410b14d5b31e787dacf9652b947b4365a5"
      url: "https://pub.dev"
    source: hosted
    version: "1.3.0"
  freezed_annotation:
    dependency: transitive
    description:
      name: freezed_annotation
      sha256: c2e2d632dd9b8a2b7751117abcfc2b4888ecfe181bd9fca7170d9ef02e595fe2
      url: "https://pub.dev"
    source: hosted
    version: "2.4.4"
  frontend_server_client:
    dependency: transitive
    description:
      name: frontend_server_client
      sha256: f64a0333a82f30b0cca061bc3d143813a486dc086b574bfb233b7c1372427694
      url: "https://pub.dev"
    source: hosted
    version: "4.0.0"
  get_it:
    dependency: transitive
    description:
      name: get_it
      sha256: d85128a5dae4ea777324730dc65edd9c9f43155c109d5cc0a69cab74139fbac1
      url: "https://pub.dev"
    source: hosted
    version: "7.7.0"
  glob:
    dependency: transitive
    description:
      name: glob
      sha256: "0e7014b3b7d4dac1ca4d6114f82bf1782ee86745b9b42a92c9289c23d8a0ab63"
      url: "https://pub.dev"
    source: hosted
    version: "2.1.2"
  hotreloader:
    dependency: transitive
    description:
      name: hotreloader
      sha256: ed56fdc1f3a8ac924e717257621d09e9ec20e308ab6352a73a50a1d7a4d9158e
      url: "https://pub.dev"
    source: hosted
    version: "4.2.0"
  http_methods:
    dependency: transitive
    description:
      name: http_methods
      sha256: "6bccce8f1ec7b5d701e7921dca35e202d425b57e317ba1a37f2638590e29e566"
      url: "https://pub.dev"
    source: hosted
    version: "1.1.1"
  http_multi_server:
    dependency: transitive
    description:
      name: http_multi_server
      sha256: "97486f20f9c2f7be8f514851703d0119c3596d14ea63227af6f7a481ef2b2f8b"
      url: "https://pub.dev"
    source: hosted
    version: "3.2.1"
  http_parser:
    dependency: transitive
    description:
      name: http_parser
      sha256: "40f592dd352890c3b60fec1b68e786cefb9603e05ff303dbc4dda49b304ecdf4"
      url: "https://pub.dev"
    source: hosted
    version: "4.1.0"
  injectable:
    dependency: transitive
    description:
      name: injectable
      sha256: "69874ba3ec10e3a0de3f519a184442878291d928f3299d718813f24642585198"
      url: "https://pub.dev"
    source: hosted
    version: "2.4.4"
  intl:
    dependency: transitive
    description:
      name: intl
      sha256: d6f56758b7d3014a48af9701c085700aac781a92a87a62b1333b46d8879661cf
      url: "https://pub.dev"
    source: hosted
    version: "0.19.0"
  io:
    dependency: transitive
    description:
      name: io
      sha256: "2ec25704aba361659e10e3e5f5d672068d332fc8ac516421d483a11e5cbd061e"
      url: "https://pub.dev"
    source: hosted
    version: "1.0.4"
  js:
    dependency: transitive
    description:
      name: js
      sha256: f2c445dce49627136094980615a031419f7f3eb393237e4ecd97ac15dea343f3
      url: "https://pub.dev"
    source: hosted
    version: "0.6.7"
  json_annotation:
    dependency: transitive
    description:
      name: json_annotation
      sha256: "1ce844379ca14835a50d2f019a3099f419082cfdd231cd86a142af94dd5c6bb1"
      url: "https://pub.dev"
    source: hosted
    version: "4.9.0"
  lints:
    dependency: "direct dev"
    description:
      name: lints
      sha256: "976c774dd944a42e83e2467f4cc670daef7eed6295b10b36ae8c85bcbf828235"
      url: "https://pub.dev"
    source: hosted
    version: "4.0.0"
  logger:
    dependency: transitive
    description:
      name: logger
      sha256: "697d067c60c20999686a0add96cf6aba723b3aa1f83ecf806a8097231529ec32"
      url: "https://pub.dev"
    source: hosted
    version: "2.4.0"
  logging:
    dependency: transitive
    description:
      name: logging
      sha256: "623a88c9594aa774443aa3eb2d41807a48486b5613e67599fb4c41c0ad47c340"
      url: "https://pub.dev"
    source: hosted
    version: "1.2.0"
  lutrachat_backend_common:
    dependency: "direct main"
    description:
      path: "../lutrachat_backend_common"
      relative: true
    source: path
    version: "1.0.0"
  lutrachat_backend_database:
    dependency: "direct main"
    description:
      path: "../lutrachat_backend_database"
      relative: true
    source: path
    version: "1.0.0"
  lutrachat_backend_protocol:
    dependency: "direct main"
    description:
      path: "../lutrachat_backend_protocol"
      relative: true
    source: path
    version: "1.0.0"
  macros:
    dependency: transitive
    description:
      name: macros
      sha256: "12e8a9842b5a7390de7a781ec63d793527582398d16ea26c60fed58833c9ae79"
      url: "https://pub.dev"
    source: hosted
    version: "0.1.0-main.0"
  matcher:
    dependency: transitive
    description:
      name: matcher
      sha256: d2323aa2060500f906aa31a895b4030b6da3ebdcc5619d14ce1aada65cd161cb
      url: "https://pub.dev"
    source: hosted
    version: "0.12.16+1"
  meta:
    dependency: transitive
    description:
      name: meta
      sha256: bdb68674043280c3428e9ec998512fb681678676b3c54e773629ffe74419f8c7
      url: "https://pub.dev"
    source: hosted
    version: "1.15.0"
  mime:
    dependency: transitive
    description:
      name: mime
      sha256: "2e123074287cc9fd6c09de8336dae606d1ddb88d9ac47358826db698c176a1f2"
      url: "https://pub.dev"
    source: hosted
    version: "1.0.5"
  mime_type:
    dependency: transitive
    description:
      name: mime_type
      sha256: "2ad6e67d3d2de9ac0f8ef5352d998fd103cb21351ae8c02fb0c78b079b37d275"
      url: "https://pub.dev"
    source: hosted
    version: "1.0.0"
  node_preamble:
    dependency: transitive
    description:
      name: node_preamble
      sha256: "6e7eac89047ab8a8d26cf16127b5ed26de65209847630400f9aefd7cd5c730db"
      url: "https://pub.dev"
    source: hosted
    version: "2.0.2"
  package_config:
    dependency: transitive
    description:
      name: package_config
      sha256: "1c5b77ccc91e4823a5af61ee74e6b972db1ef98c2ff5a18d3161c982a55448bd"
      url: "https://pub.dev"
    source: hosted
    version: "2.1.0"
  path:
    dependency: transitive
    description:
      name: path
      sha256: "087ce49c3f0dc39180befefc60fdb4acd8f8620e5682fe2476afd0b3688bb4af"
      url: "https://pub.dev"
    source: hosted
    version: "1.9.0"
  pool:
    dependency: transitive
    description:
      name: pool
      sha256: "20fe868b6314b322ea036ba325e6fc0711a22948856475e2c2b6306e8ab39c2a"
      url: "https://pub.dev"
    source: hosted
    version: "1.5.1"
  postgres:
    dependency: transitive
    description:
      name: postgres
      sha256: ad94089c7f18f4fcae83f42b475c32dfe7619df2fa8c86e17b2309f6c547897b
      url: "https://pub.dev"
    source: hosted
    version: "3.2.1"
  prometheus_client:
    dependency: transitive
    description:
      name: prometheus_client
      sha256: "994b731e5b35f4666f50e804bc88a32f55ddcbc6dd2db707f4b8b3374c38f115"
      url: "https://pub.dev"
    source: hosted
    version: "1.0.0+1"
  protobuf:
    dependency: transitive
    description:
      name: protobuf
      sha256: "68645b24e0716782e58948f8467fd42a880f255096a821f9e7d0ec625b00c84d"
      url: "https://pub.dev"
    source: hosted
    version: "3.1.0"
  pub_semver:
    dependency: transitive
    description:
      name: pub_semver
      sha256: "40d3ab1bbd474c4c2328c91e3a7df8c6dd629b79ece4c4bd04bee496a224fb0c"
      url: "https://pub.dev"
    source: hosted
    version: "2.1.4"
  sasl_scram:
    dependency: transitive
    description:
      name: sasl_scram
      sha256: a47207a436eb650f8fdcf54a2e2587b850dc3caef9973ce01f332b07a6fc9cb9
      url: "https://pub.dev"
    source: hosted
    version: "0.1.1"
  saslprep:
    dependency: transitive
    description:
      name: saslprep
      sha256: "3d421d10be9513bf4459c17c5e70e7b8bc718c9fc5ad4ba5eb4f5fd27396f740"
      url: "https://pub.dev"
    source: hosted
    version: "1.0.3"
  shelf:
    dependency: transitive
    description:
      name: shelf
      sha256: e7dd780a7ffb623c57850b33f43309312fc863fb6aa3d276a754bb299839ef12
      url: "https://pub.dev"
    source: hosted
    version: "1.4.2"
  shelf_hotreload:
    dependency: transitive
    description:
      name: shelf_hotreload
      sha256: d7099618b18d3c63ba5272491c1812c306629495129ef9996115f0417902f963
      url: "https://pub.dev"
    source: hosted
    version: "1.5.0"
  shelf_packages_handler:
    dependency: transitive
    description:
      name: shelf_packages_handler
      sha256: "89f967eca29607c933ba9571d838be31d67f53f6e4ee15147d5dc2934fee1b1e"
      url: "https://pub.dev"
    source: hosted
    version: "3.0.2"
  shelf_plus:
    dependency: transitive
    description:
      name: shelf_plus
      sha256: "4dba816c3584bca28ee8b31de4d08199e48c0e54db8a2ad0e94f777dd7ab625c"
      url: "https://pub.dev"
    source: hosted
    version: "1.9.2"
  shelf_router:
    dependency: transitive
    description:
      name: shelf_router
      sha256: f5e5d492440a7fb165fe1e2e1a623f31f734d3370900070b2b1e0d0428d59864
      url: "https://pub.dev"
    source: hosted
    version: "1.1.4"
  shelf_static:
    dependency: transitive
    description:
      name: shelf_static
      sha256: a41d3f53c4adf0f57480578c1d61d90342cd617de7fc8077b1304643c2d85c1e
      url: "https://pub.dev"
    source: hosted
    version: "1.1.2"
  shelf_web_socket:
    dependency: transitive
    description:
      name: shelf_web_socket
      sha256: "9ca081be41c60190ebcb4766b2486a7d50261db7bd0f5d9615f2d653637a84c1"
      url: "https://pub.dev"
    source: hosted
    version: "1.0.4"
  source_map_stack_trace:
    dependency: transitive
    description:
      name: source_map_stack_trace
      sha256: "84cf769ad83aa6bb61e0aa5a18e53aea683395f196a6f39c4c881fb90ed4f7ae"
      url: "https://pub.dev"
    source: hosted
    version: "2.1.1"
  source_maps:
    dependency: transitive
    description:
      name: source_maps
      sha256: "708b3f6b97248e5781f493b765c3337db11c5d2c81c3094f10904bfa8004c703"
      url: "https://pub.dev"
    source: hosted
    version: "0.10.12"
  source_span:
    dependency: transitive
    description:
      name: source_span
      sha256: "53e943d4206a5e30df338fd4c6e7a077e02254531b138a15aec3bd143c1a8b3c"
      url: "https://pub.dev"
    source: hosted
    version: "1.10.0"
  sprintf:
    dependency: transitive
    description:
      name: sprintf
      sha256: "1fc9ffe69d4df602376b52949af107d8f5703b77cda567c4d7d86a0693120f23"
      url: "https://pub.dev"
    source: hosted
    version: "7.0.0"
  sqlite3:
    dependency: transitive
    description:
      name: sqlite3
      sha256: "6d17989c0b06a5870b2190d391925186f944cb943e5262d0d3f778fcfca3bc6e"
      url: "https://pub.dev"
    source: hosted
    version: "2.4.4"
  stack_trace:
    dependency: transitive
    description:
      name: stack_trace
      sha256: "73713990125a6d93122541237550ee3352a2d84baad52d375a4cad2eb9b7ce0b"
      url: "https://pub.dev"
    source: hosted
    version: "1.11.1"
  stream_channel:
    dependency: transitive
    description:
      name: stream_channel
      sha256: ba2aa5d8cc609d96bbb2899c28934f9e1af5cddbd60a827822ea467161eb54e7
      url: "https://pub.dev"
    source: hosted
    version: "2.1.2"
  stream_transform:
    dependency: transitive
    description:
      name: stream_transform
      sha256: "14a00e794c7c11aa145a170587321aedce29769c08d7f58b1d141da75e3b1c6f"
      url: "https://pub.dev"
    source: hosted
    version: "2.1.0"
  string_scanner:
    dependency: transitive
    description:
      name: string_scanner
      sha256: "688af5ed3402a4bde5b3a6c15fd768dbf2621a614950b17f04626c431ab3c4c3"
      url: "https://pub.dev"
    source: hosted
    version: "1.3.0"
  term_glyph:
    dependency: transitive
    description:
      name: term_glyph
      sha256: a29248a84fbb7c79282b40b8c72a1209db169a2e0542bce341da992fe1bc7e84
      url: "https://pub.dev"
    source: hosted
    version: "1.2.1"
  test:
    dependency: "direct dev"
    description:
      name: test
      sha256: "713a8789d62f3233c46b4a90b174737b2c04cb6ae4500f2aa8b1be8f03f5e67f"
      url: "https://pub.dev"
    source: hosted
    version: "1.25.8"
  test_api:
    dependency: transitive
    description:
      name: test_api
      sha256: "664d3a9a64782fcdeb83ce9c6b39e78fd2971d4e37827b9b06c3aa1edc5e760c"
      url: "https://pub.dev"
    source: hosted
    version: "0.7.3"
  test_core:
    dependency: transitive
    description:
      name: test_core
      sha256: "12391302411737c176b0b5d6491f466b0dd56d4763e347b6714efbaa74d7953d"
      url: "https://pub.dev"
    source: hosted
    version: "0.6.5"
  timeago:
    dependency: transitive
    description:
      name: timeago
      sha256: "054cedf68706bb142839ba0ae6b135f6b68039f0b8301cbe8784ae653d5ff8de"
      url: "https://pub.dev"
    source: hosted
    version: "3.7.0"
  typed_data:
    dependency: transitive
    description:
      name: typed_data
      sha256: facc8d6582f16042dd49f2463ff1bd6e2c9ef9f3d5da3d9b087e244a7b564b3c
      url: "https://pub.dev"
    source: hosted
    version: "1.3.2"
  unorm_dart:
    dependency: transitive
    description:
      name: unorm_dart
      sha256: "23d8bf65605401a6a32cff99435fed66ef3dab3ddcad3454059165df46496a3b"
      url: "https://pub.dev"
    source: hosted
    version: "0.3.0"
  uuid:
    dependency: transitive
    description:
      name: uuid
      sha256: "83d37c7ad7aaf9aa8e275490669535c8080377cfa7a7004c24dfac53afffaa90"
      url: "https://pub.dev"
    source: hosted
    version: "4.4.2"
  vm_service:
    dependency: transitive
    description:
      name: vm_service
      sha256: f652077d0bdf60abe4c1f6377448e8655008eef28f128bc023f7b5e8dfeb48fc
      url: "https://pub.dev"
    source: hosted
    version: "14.2.4"
  watcher:
    dependency: transitive
    description:
      name: watcher
      sha256: "3d2ad6751b3c16cf07c7fca317a1413b3f26530319181b37e3b9039b84fc01d8"
      url: "https://pub.dev"
    source: hosted
    version: "1.1.0"
  web:
    dependency: transitive
    description:
      name: web
      sha256: "97da13628db363c635202ad97068d47c5b8aa555808e7a9411963c533b449b27"
      url: "https://pub.dev"
    source: hosted
    version: "0.5.1"
  web_socket_channel:
    dependency: transitive
    description:
      name: web_socket_channel
      sha256: "58c6666b342a38816b2e7e50ed0f1e261959630becd4c879c4f26bfa14aa5a42"
      url: "https://pub.dev"
    source: hosted
    version: "2.4.5"
  webkit_inspection_protocol:
    dependency: transitive
    description:
      name: webkit_inspection_protocol
      sha256: "87d3f2333bb240704cd3f1c6b5b7acd8a10e7f0bc28c28dcf14e782014f4a572"
      url: "https://pub.dev"
    source: hosted
    version: "1.2.1"
  yaml:
    dependency: transitive
    description:
      name: yaml
      sha256: "75769501ea3489fca56601ff33454fe45507ea3bfb014161abc3b43ae25989d5"
      url: "https://pub.dev"
    source: hosted
    version: "3.1.2"
sdks:
  dart: ">=3.4.0 <4.0.0"
